{
  "name": "uWebscokets",
  "version": "1.0.0",
  "lockfileVersion": 1,
  "requires": true,
  "dependencies": {
    "uWebSockets.js": {
      "version": "github:uNetworking/uWebSockets.js#7d7ab5409f5cdcda11a97d2a45fc0c0e3fb3b76a",
      "from": "github:uNetworking/uWebSockets.js#v15.1.0"
    }
  }
}
